
Microsoft Visual Studio Solution File, Format Version 12.00
# Visual Studio 15
VisualStudioVersion = 15.0.28307.852
MinimumVisualStudioVersion = 10.0.40219.1
Project("{9A19103F-16F7-4668-BE54-9A1E7A4F7556}") = "Backend.Service", "Backend.Service\Backend.Service.csproj", "{DF7323FD-9460-421E-A31F-65E9D16567CB}"
	ProjectSection(ProjectDependencies) = postProject
		{AEE4B5A1-19EE-4620-BEC2-10172ACA6D77} = {AEE4B5A1-19EE-4620-BEC2-10172ACA6D77}
		{4DDE29ED-1D03-4DF9-B668-FF35DBB7925C} = {4DDE29ED-1D03-4DF9-B668-FF35DBB7925C}
	EndProjectSection
EndProject
Project("{9A19103F-16F7-4668-BE54-9A1E7A4F7556}") = "Backend.Domain", "Backend.Domain\Backend.Domain.csproj", "{AEE4B5A1-19EE-4620-BEC2-10172ACA6D77}"
EndProject
Project("{9A19103F-16F7-4668-BE54-9A1E7A4F7556}") = "Backend.Infra.Data", "Backend.Infra.Data\Backend.Infra.Data.csproj", "{4DDE29ED-1D03-4DF9-B668-FF35DBB7925C}"
EndProject
Project("{9A19103F-16F7-4668-BE54-9A1E7A4F7556}") = "Backend.Infra.CrossCutting", "Backend.Infra.CrossCutting\Backend.Infra.CrossCutting.csproj", "{402A14E7-6974-4581-8BC9-71510E333896}"
EndProject
Project("{2150E333-8FDC-42A3-9474-1A3956D46DE8}") = "3 - Domain", "3 - Domain", "{9FF60669-B14E-4FF0-B41E-039EBC203B58}"
EndProject
Project("{2150E333-8FDC-42A3-9474-1A3956D46DE8}") = "1 - Service", "1 - Service", "{D5D8F675-E894-4840-91AE-4187B82F64BC}"
EndProject
Project("{2150E333-8FDC-42A3-9474-1A3956D46DE8}") = "4 - Infra", "4 - Infra", "{E85AA16C-E7E3-4386-AAA0-67154E35940A}"
EndProject
Project("{2150E333-8FDC-42A3-9474-1A3956D46DE8}") = "4.1 - Data", "4.1 - Data", "{94CD2672-11D5-46E9-B052-A1349309B488}"
EndProject
Project("{2150E333-8FDC-42A3-9474-1A3956D46DE8}") = "4.2 - CrossCutting", "4.2 - CrossCutting", "{9A40B950-42DC-4B93-A7FD-FAD4F29ED885}"
EndProject
Project("{2150E333-8FDC-42A3-9474-1A3956D46DE8}") = "2 - Application", "2 - Application", "{695A2718-27AF-4AEF-AB9A-E73257DC3778}"
EndProject
Project("{9A19103F-16F7-4668-BE54-9A1E7A4F7556}") = "Backend.App", "Backend.Application\Backend.App.csproj", "{821516CE-85B4-4BE3-85BE-E0185AE12A56}"
EndProject
Global
	GlobalSection(SolutionConfigurationPlatforms) = preSolution
		Debug|Any CPU = Debug|Any CPU
		Release|Any CPU = Release|Any CPU
	EndGlobalSection
	GlobalSection(ProjectConfigurationPlatforms) = postSolution
		{DF7323FD-9460-421E-A31F-65E9D16567CB}.Debug|Any CPU.ActiveCfg = Debug|Any CPU
		{DF7323FD-9460-421E-A31F-65E9D16567CB}.Debug|Any CPU.Build.0 = Debug|Any CPU
		{DF7323FD-9460-421E-A31F-65E9D16567CB}.Release|Any CPU.ActiveCfg = Release|Any CPU
		{DF7323FD-9460-421E-A31F-65E9D16567CB}.Release|Any CPU.Build.0 = Release|Any CPU
		{AEE4B5A1-19EE-4620-BEC2-10172ACA6D77}.Debug|Any CPU.ActiveCfg = Debug|Any CPU
		{AEE4B5A1-19EE-4620-BEC2-10172ACA6D77}.Debug|Any CPU.Build.0 = Debug|Any CPU
		{AEE4B5A1-19EE-4620-BEC2-10172ACA6D77}.Release|Any CPU.ActiveCfg = Release|Any CPU
		{AEE4B5A1-19EE-4620-BEC2-10172ACA6D77}.Release|Any CPU.Build.0 = Release|Any CPU
		{4DDE29ED-1D03-4DF9-B668-FF35DBB7925C}.Debug|Any CPU.ActiveCfg = Debug|Any CPU
		{4DDE29ED-1D03-4DF9-B668-FF35DBB7925C}.Debug|Any CPU.Build.0 = Debug|Any CPU
		{4DDE29ED-1D03-4DF9-B668-FF35DBB7925C}.Release|Any CPU.ActiveCfg = Release|Any CPU
		{4DDE29ED-1D03-4DF9-B668-FF35DBB7925C}.Release|Any CPU.Build.0 = Release|Any CPU
		{402A14E7-6974-4581-8BC9-71510E333896}.Debug|Any CPU.ActiveCfg = Debug|Any CPU
		{402A14E7-6974-4581-8BC9-71510E333896}.Debug|Any CPU.Build.0 = Debug|Any CPU
		{402A14E7-6974-4581-8BC9-71510E333896}.Release|Any CPU.ActiveCfg = Release|Any CPU
		{402A14E7-6974-4581-8BC9-71510E333896}.Release|Any CPU.Build.0 = Release|Any CPU
		{821516CE-85B4-4BE3-85BE-E0185AE12A56}.Debug|Any CPU.ActiveCfg = Debug|Any CPU
		{821516CE-85B4-4BE3-85BE-E0185AE12A56}.Debug|Any CPU.Build.0 = Debug|Any CPU
		{821516CE-85B4-4BE3-85BE-E0185AE12A56}.Release|Any CPU.ActiveCfg = Release|Any CPU
		{821516CE-85B4-4BE3-85BE-E0185AE12A56}.Release|Any CPU.Build.0 = Release|Any CPU
	EndGlobalSection
	GlobalSection(SolutionProperties) = preSolution
		HideSolutionNode = FALSE
	EndGlobalSection
	GlobalSection(NestedProjects) = preSolution
		{DF7323FD-9460-421E-A31F-65E9D16567CB} = {D5D8F675-E894-4840-91AE-4187B82F64BC}
		{AEE4B5A1-19EE-4620-BEC2-10172ACA6D77} = {9FF60669-B14E-4FF0-B41E-039EBC203B58}
		{4DDE29ED-1D03-4DF9-B668-FF35DBB7925C} = {94CD2672-11D5-46E9-B052-A1349309B488}
		{402A14E7-6974-4581-8BC9-71510E333896} = {9A40B950-42DC-4B93-A7FD-FAD4F29ED885}
		{94CD2672-11D5-46E9-B052-A1349309B488} = {E85AA16C-E7E3-4386-AAA0-67154E35940A}
		{9A40B950-42DC-4B93-A7FD-FAD4F29ED885} = {E85AA16C-E7E3-4386-AAA0-67154E35940A}
		{821516CE-85B4-4BE3-85BE-E0185AE12A56} = {695A2718-27AF-4AEF-AB9A-E73257DC3778}
	EndGlobalSection
	GlobalSection(ExtensibilityGlobals) = postSolution
		SolutionGuid = {5B36243A-55CC-43D8-A29B-1F5E80F51393}
	EndGlobalSection
EndGlobal
